
Microsoft Visual Studio Solution File, Format Version 12.00
# Visual Studio Version 17
VisualStudioVersion = 17.6.33815.320
MinimumVisualStudioVersion = 10.0.40219.1
Project("{FAE04EC0-301F-11D3-BF4B-00C04F79EFBC}") = "ZadanieMoq2", "ZadanieMoq2\ZadanieMoq2.csproj", "{534F0863-22CF-46C7-8544-B7499922BB56}"
EndProject
Global
	GlobalSection(SolutionConfigurationPlatforms) = preSolution
		Debug|Any CPU = Debug|Any CPU
		Release|Any CPU = Release|Any CPU
	EndGlobalSection
	GlobalSection(ProjectConfigurationPlatforms) = postSolution
		{534F0863-22CF-46C7-8544-B7499922BB56}.Debug|Any CPU.ActiveCfg = Debug|Any CPU
		{534F0863-22CF-46C7-8544-B7499922BB56}.Debug|Any CPU.Build.0 = Debug|Any CPU
		{534F0863-22CF-46C7-8544-B7499922BB56}.Release|Any CPU.ActiveCfg = Release|Any CPU
		{534F0863-22CF-46C7-8544-B7499922BB56}.Release|Any CPU.Build.0 = Release|Any CPU
	EndGlobalSection
	GlobalSection(SolutionProperties) = preSolution
		HideSolutionNode = FALSE
	EndGlobalSection
	GlobalSection(ExtensibilityGlobals) = postSolution
		SolutionGuid = {DB588B42-5211-4439-AEB8-7B3BA7FBC9AC}
	EndGlobalSection
EndGlobal
